<?xml version="1.0" encoding="utf-8"?>
<Project ToolsVersion="4.0" xmlns="http://schemas.microsoft.com/developer/msbuild/2003">
  <ItemGroup>
    <Filter Include="Engine">
      <UniqueIdentifier>{64a96883-8799-43cc-b664-da2427acad72}</UniqueIdentifier>
    </Filter>
    <Filter Include="Engine\Core">
      <UniqueIdentifier>{c269e765-c4cd-4e76-85db-520046757100}</UniqueIdentifier>
    </Filter>
    <Filter Include="Engine\Renderer">
      <UniqueIdentifier>{5c3f1a70-3efe-4b9f-986c-6557ff4b9194}</UniqueIdentifier>
    </Filter>
    <Filter Include="Engine\Renderer\Device">
      <UniqueIdentifier>{c98320a7-a019-4df8-9859-8e463386b381}</UniqueIdentifier>
    </Filter>
    <Filter Include="Engine\Resources">
      <UniqueIdentifier>{c412221a-b58b-4d41-a0cd-f4ddf546e0a7}</UniqueIdentifier>
    </Filter>
    <Filter Include="Engine\Resources\Buffer">
      <UniqueIdentifier>{8023bee2-63a7-4755-9b0b-c02dfc17cd3c}</UniqueIdentifier>
    </Filter>
    <Filter Include="Engine\Renderer\Shader">
      <UniqueIdentifier>{fe1e8bb6-4f0b-4803-87dd-98c4bb40856e}</UniqueIdentifier>
    </Filter>
    <Filter Include="Engine\Renderer\Pipeline">
      <UniqueIdentifier>{e7d0d959-8ab3-4e1b-96fa-0002c15333fc}</UniqueIdentifier>
    </Filter>
    <Filter Include="Engine\Resources\Texture">
      <UniqueIdentifier>{77f88f34-1dc2-4fc7-9a57-b2c96f278bf5}</UniqueIdentifier>
    </Filter>
  </ItemGroup>
  <ItemGroup>
    <ClCompile Include="..\Engine\Renderer\Pipeline\GraphicsPipeline.cpp">
      <Filter>Engine\Renderer\Pipeline</Filter>
    </ClCompile>
    <ClCompile Include="..\Engine\Core\Application.cpp">
      <Filter>Engine\Core</Filter>
    </ClCompile>
    <ClCompile Include="..\Engine\Core\Window.cpp">
      <Filter>Engine\Core</Filter>
    </ClCompile>
    <ClCompile Include="..\main.cpp" />
    <ClCompile Include="..\Engine\Resources\Buffer\VertexBuffer.cpp">
      <Filter>Engine\Resources\Buffer</Filter>
    </ClCompile>
    <ClCompile Include="..\Engine\Renderer\Device\CommandContext.cpp">
      <Filter>Engine\Renderer\Device</Filter>
    </ClCompile>
    <ClCompile Include="..\Engine\Renderer\Device\RenderDevice.cpp">
      <Filter>Engine\Renderer\Device</Filter>
    </ClCompile>
    <ClCompile Include="..\Engine\Resources\Texture\Texture.cpp">
      <Filter>Engine\Resources\Texture</Filter>
    </ClCompile>
  </ItemGroup>
  <ItemGroup>
    <ClInclude Include="..\Engine\Renderer\Pipeline\GraphicsPipeline.h">
      <Filter>Engine\Renderer\Pipeline</Filter>
    </ClInclude>
    <ClInclude Include="..\Engine\Core\Application.h">
      <Filter>Engine\Core</Filter>
    </ClInclude>
    <ClInclude Include="..\Engine\Core\Window.h">
      <Filter>Engine\Core</Filter>
    </ClInclude>
    <ClInclude Include="..\Engine\Resources\Buffer\VertexBuffer.h">
      <Filter>Engine\Resources\Buffer</Filter>
    </ClInclude>
    <ClInclude Include="..\Engine\Renderer\Device\CommandContext.h">
      <Filter>Engine\Renderer\Device</Filter>
    </ClInclude>
    <ClInclude Include="..\Engine\Renderer\Device\RenderDevice.h">
      <Filter>Engine\Renderer\Device</Filter>
    </ClInclude>
    <ClInclude Include="..\Engine\Resources\Texture\Texture.h">
      <Filter>Engine\Resources\Texture</Filter>
    </ClInclude>
  </ItemGroup>
  <ItemGroup>
    <None Include="..\Engine\Renderer\Shader\Common.hlsli">
      <Filter>Engine\Renderer\Shader</Filter>
    </None>
  </ItemGroup>
  <ItemGroup>
    <FxCompile Include="..\Engine\Renderer\Shader\BasicPS.hlsl">
      <Filter>Engine\Renderer\Shader</Filter>
    </FxCompile>
    <FxCompile Include="..\Engine\Renderer\Shader\BasicVS.hlsl">
      <Filter>Engine\Renderer\Shader</Filter>
    </FxCompile>
  </ItemGroup>
</Project>